PODS:
  - Capacitor (2.0.2):
    - CapacitorCordova (= 2.0.2)
  - CapacitorCordova (2.0.2)

DEPENDENCIES:
  - "Capacitor (from `../node_modules/@capacitor/ios`)"
  - "CapacitorCordova (from `../node_modules/@capacitor/ios`)"

EXTERNAL SOURCES:
  Capacitor:
    :path: "../node_modules/@capacitor/ios"
  CapacitorCordova:
    :path: "../node_modules/@capacitor/ios"

SPEC CHECKSUMS:
  Capacitor: 8197af225080b4135ad39d76ae44cd0b8dc87519
  CapacitorCordova: e45e617a0b5fe6a27f7b822b2014f9c12e8a8198

PODFILE CHECKSUM: 12f7c4dd1f4fc3fda122bd2eccf1c243828edcd5

COCOAPODS: 1.9.1
